// !$*UTF8*$!
{
	archiveVersion = 1;
	classes = {
	};
	objectVersion = 50;
	objects = {

/* Begin PBXBuildFile section */
		F51E9A9E26B9D28500B1E389 /* StoriesTableViewCell.swift in Sources */ = {isa = PBXBuildFile; fileRef = F51E9A9D26B9D28500B1E389 /* StoriesTableViewCell.swift */; };
		F51E9AA026B9D3EF00B1E389 /* PostTableViewCell.swift in Sources */ = {isa = PBXBuildFile; fileRef = F51E9A9F26B9D3EF00B1E389 /* PostTableViewCell.swift */; };
		F51E9AA226B9D41F00B1E389 /* RecommendTableViewCell.swift in Sources */ = {isa = PBXBuildFile; fileRef = F51E9AA126B9D41F00B1E389 /* RecommendTableViewCell.swift */; };
		F51E9AAA26B9E39400B1E389 /* Post.swift in Sources */ = {isa = PBXBuildFile; fileRef = F51E9AA926B9E39400B1E389 /* Post.swift */; };
		F5EA5BE726B6816F001A7535 /* AppDelegate.swift in Sources */ = {isa = PBXBuildFile; fileRef = F5EA5BE626B6816F001A7535 /* AppDelegate.swift */; };
		F5EA5BE926B6816F001A7535 /* SceneDelegate.swift in Sources */ = {isa = PBXBuildFile; fileRef = F5EA5BE826B6816F001A7535 /* SceneDelegate.swift */; };
		F5EA5BEB26B6816F001A7535 /* FeedViewController.swift in Sources */ = {isa = PBXBuildFile; fileRef = F5EA5BEA26B6816F001A7535 /* FeedViewController.swift */; };
		F5EA5BEE26B6816F001A7535 /* Main.storyboard in Resources */ = {isa = PBXBuildFile; fileRef = F5EA5BEC26B6816F001A7535 /* Main.storyboard */; };
		F5EA5BF026B68171001A7535 /* Assets.xcassets in Resources */ = {isa = PBXBuildFile; fileRef = F5EA5BEF26B68171001A7535 /* Assets.xcassets */; };
		F5EA5BF326B68171001A7535 /* LaunchScreen.storyboard in Resources */ = {isa = PBXBuildFile; fileRef = F5EA5BF126B68171001A7535 /* LaunchScreen.storyboard */; };
/* End PBXBuildFile section */

/* Begin PBXFileReference section */
		F51E9A9D26B9D28500B1E389 /* StoriesTableViewCell.swift */ = {isa = PBXFileReference; lastKnownFileType = sourcecode.swift; path = StoriesTableViewCell.swift; sourceTree = "<group>"; };
		F51E9A9F26B9D3EF00B1E389 /* PostTableViewCell.swift */ = {isa = PBXFileReference; lastKnownFileType = sourcecode.swift; path = PostTableViewCell.swift; sourceTree = "<group>"; };
		F51E9AA126B9D41F00B1E389 /* RecommendTableViewCell.swift */ = {isa = PBXFileReference; lastKnownFileType = sourcecode.swift; path = RecommendTableViewCell.swift; sourceTree = "<group>"; };
		F51E9AA926B9E39400B1E389 /* Post.swift */ = {isa = PBXFileReference; lastKnownFileType = sourcecode.swift; path = Post.swift; sourceTree = "<group>"; };
		F5EA5BE326B6816F001A7535 /* Instagramm.app */ = {isa = PBXFileReference; explicitFileType = wrapper.application; includeInIndex = 0; path = Instagramm.app; sourceTree = BUILT_PRODUCTS_DIR; };
		F5EA5BE626B6816F001A7535 /* AppDelegate.swift */ = {isa = PBXFileReference; lastKnownFileType = sourcecode.swift; path = AppDelegate.swift; sourceTree = "<group>"; };
		F5EA5BE826B6816F001A7535 /* SceneDelegate.swift */ = {isa = PBXFileReference; lastKnownFileType = sourcecode.swift; path = SceneDelegate.swift; sourceTree = "<group>"; };
		F5EA5BEA26B6816F001A7535 /* FeedViewController.swift */ = {isa = PBXFileReference; lastKnownFileType = sourcecode.swift; path = FeedViewController.swift; sourceTree = "<group>"; };
		F5EA5BED26B6816F001A7535 /* Base */ = {isa = PBXFileReference; lastKnownFileType = file.storyboard; name = Base; path = Base.lproj/Main.storyboard; sourceTree = "<group>"; };
		F5EA5BEF26B68171001A7535 /* Assets.xcassets */ = {isa = PBXFileReference; lastKnownFileType = folder.assetcatalog; path = Assets.xcassets; sourceTree = "<group>"; };
		F5EA5BF226B68171001A7535 /* Base */ = {isa = PBXFileReference; lastKnownFileType = file.storyboard; name = Base; path = Base.lproj/LaunchScreen.storyboard; sourceTree = "<group>"; };
		F5EA5BF426B68171001A7535 /* Info.plist */ = {isa = PBXFileReference; lastKnownFileType = text.plist.xml; path = Info.plist; sourceTree = "<group>"; };
/* End PBXFileReference section */

/* Begin PBXFrameworksBuildPhase section */
		F5EA5BE026B6816F001A7535 /* Frameworks */ = {
			isa = PBXFrameworksBuildPhase;
			buildActionMask = 2147483647;
			files = (
			);
			runOnlyForDeploymentPostprocessing = 0;
		};
/* End PBXFrameworksBuildPhase section */

/* Begin PBXGroup section */
		F51E9AA326B9E34100B1E389 /* Storyboard */ = {
			isa = PBXGroup;
			children = (
				F5EA5BEC26B6816F001A7535 /* Main.storyboard */,
			);
			path = Storyboard;
			sourceTree = "<group>";
		};
		F51E9AA426B9E34F00B1E389 /* Cells */ = {
			isa = PBXGroup;
			children = (
				F51E9AA126B9D41F00B1E389 /* RecommendTableViewCell.swift */,
				F51E9A9F26B9D3EF00B1E389 /* PostTableViewCell.swift */,
				F51E9A9D26B9D28500B1E389 /* StoriesTableViewCell.swift */,
			);
			path = Cells;
			sourceTree = "<group>";
		};
		F51E9AA526B9E35700B1E389 /* Views */ = {
			isa = PBXGroup;
			children = (
				F51E9AA426B9E34F00B1E389 /* Cells */,
			);
			path = Views;
			sourceTree = "<group>";
		};
		F51E9AA626B9E35F00B1E389 /* Controller */ = {
			isa = PBXGroup;
			children = (
				F5EA5BEA26B6816F001A7535 /* FeedViewController.swift */,
			);
			path = Controller;
			sourceTree = "<group>";
		};
		F51E9AA726B9E38A00B1E389 /* Model */ = {
			isa = PBXGroup;
			children = (
				F51E9AA826B9E38E00B1E389 /* Entity */,
			);
			path = Model;
			sourceTree = "<group>";
		};
		F51E9AA826B9E38E00B1E389 /* Entity */ = {
			isa = PBXGroup;
			children = (
				F51E9AA926B9E39400B1E389 /* Post.swift */,
			);
			path = Entity;
			sourceTree = "<group>";
		};
		F5EA5BDA26B6816F001A7535 = {
			isa = PBXGroup;
			children = (
				F5EA5BE526B6816F001A7535 /* Instagramm */,
				F5EA5BE426B6816F001A7535 /* Products */,
			);
			sourceTree = "<group>";
		};
		F5EA5BE426B6816F001A7535 /* Products */ = {
			isa = PBXGroup;
			children = (
				F5EA5BE326B6816F001A7535 /* Instagramm.app */,
			);
			name = Products;
			sourceTree = "<group>";
		};
		F5EA5BE526B6816F001A7535 /* Instagramm */ = {
			isa = PBXGroup;
			children = (
				F5EA5BFA26B6819C001A7535 /* Application */,
				F51E9AA726B9E38A00B1E389 /* Model */,
				F51E9AA326B9E34100B1E389 /* Storyboard */,
				F51E9AA526B9E35700B1E389 /* Views */,
				F51E9AA626B9E35F00B1E389 /* Controller */,
			);
			path = Instagramm;
			sourceTree = "<group>";
		};
		F5EA5BFA26B6819C001A7535 /* Application */ = {
			isa = PBXGroup;
			children = (
				F5EA5BE626B6816F001A7535 /* AppDelegate.swift */,
				F5EA5BE826B6816F001A7535 /* SceneDelegate.swift */,
				F5EA5BEF26B68171001A7535 /* Assets.xcassets */,
				F5EA5BF126B68171001A7535 /* LaunchScreen.storyboard */,
				F5EA5BF426B68171001A7535 /* Info.plist */,
			);
			path = Application;
			sourceTree = "<group>";
		};
/* End PBXGroup section */

/* Begin PBXNativeTarget section */
		F5EA5BE226B6816F001A7535 /* Instagramm */ = {
			isa = PBXNativeTarget;
			buildConfigurationList = F5EA5BF726B68171001A7535 /* Build configuration list for PBXNativeTarget "Instagramm" */;
			buildPhases = (
				F5EA5BDF26B6816F001A7535 /* Sources */,
				F5EA5BE026B6816F001A7535 /* Frameworks */,
				F5EA5BE126B6816F001A7535 /* Resources */,
			);
			buildRules = (
			);
			dependencies = (
			);
			name = Instagramm;
			productName = Instagramm;
			productReference = F5EA5BE326B6816F001A7535 /* Instagramm.app */;
			productType = "com.apple.product-type.application";
		};
/* End PBXNativeTarget section */

/* Begin PBXProject section */
		F5EA5BDB26B6816F001A7535 /* Project object */ = {
			isa = PBXProject;
			attributes = {
				LastSwiftUpdateCheck = 1250;
				LastUpgradeCheck = 1250;
				TargetAttributes = {
					F5EA5BE226B6816F001A7535 = {
						CreatedOnToolsVersion = 12.5.1;
					};
				};
			};
			buildConfigurationList = F5EA5BDE26B6816F001A7535 /* Build configuration list for PBXProject "Instagramm" */;
			compatibilityVersion = "Xcode 9.3";
			developmentRegion = en;
			hasScannedForEncodings = 0;
			knownRegions = (
				en,
				Base,
			);
			mainGroup = F5EA5BDA26B6816F001A7535;
			productRefGroup = F5EA5BE426B6816F001A7535 /* Products */;
			projectDirPath = "";
			projectRoot = "";
			targets = (
				F5EA5BE226B6816F001A7535 /* Instagramm */,
			);
		};
/* End PBXProject section */

/* Begin PBXResourcesBuildPhase section */
		F5EA5BE126B6816F001A7535 /* Resources */ = {
			isa = PBXResourcesBuildPhase;
			buildActionMask = 2147483647;
			files = (
				F5EA5BF326B68171001A7535 /* LaunchScreen.storyboard in Resources */,
				F5EA5BF026B68171001A7535 /* Assets.xcassets in Resources */,
				F5EA5BEE26B6816F001A7535 /* Main.storyboard in Resources */,
			);
			runOnlyForDeploymentPostprocessing = 0;
		};
/* End PBXResourcesBuildPhase section */

/* Begin PBXSourcesBuildPhase section */
		F5EA5BDF26B6816F001A7535 /* Sources */ = {
			isa = PBXSourcesBuildPhase;
			buildActionMask = 2147483647;
			files = (
				F5EA5BEB26B6816F001A7535 /* FeedViewController.swift in Sources */,
				F51E9A9E26B9D28500B1E389 /* StoriesTableViewCell.swift in Sources */,
				F51E9AA226B9D41F00B1E389 /* RecommendTableViewCell.swift in Sources */,
				F51E9AA026B9D3EF00B1E389 /* PostTableViewCell.swift in Sources */,
				F5EA5BE726B6816F001A7535 /* AppDelegate.swift in Sources */,
				F51E9AAA26B9E39400B1E389 /* Post.swift in Sources */,
				F5EA5BE926B6816F001A7535 /* SceneDelegate.swift in Sources */,
			);
			runOnlyForDeploymentPostprocessing = 0;
		};
/* End PBXSourcesBuildPhase section */

/* Begin PBXVariantGroup section */
		F5EA5BEC26B6816F001A7535 /* Main.storyboard */ = {
			isa = PBXVariantGroup;
			children = (
				F5EA5BED26B6816F001A7535 /* Base */,
			);
			name = Main.storyboard;
			sourceTree = "<group>";
		};
		F5EA5BF126B68171001A7535 /* LaunchScreen.storyboard */ = {
			isa = PBXVariantGroup;
			children = (
				F5EA5BF226B68171001A7535 /* Base */,
			);
			name = LaunchScreen.storyboard;
			sourceTree = "<group>";
		};
/* End PBXVariantGroup section */

/* Begin XCBuildConfiguration section */
		F5EA5BF526B68171001A7535 /* Debug */ = {
			isa = XCBuildConfiguration;
			buildSettings = {
				ALWAYS_SEARCH_USER_PATHS = NO;
				CLANG_ANALYZER_NONNULL = YES;
				CLANG_ANALYZER_NUMBER_OBJECT_CONVERSION = YES_AGGRESSIVE;
				CLANG_CXX_LANGUAGE_STANDARD = "gnu++14";
				CLANG_CXX_LIBRARY = "libc++";
				CLANG_ENABLE_MODULES = YES;
				CLANG_ENABLE_OBJC_ARC = YES;
				CLANG_ENABLE_OBJC_WEAK = YES;
				CLANG_WARN_BLOCK_CAPTURE_AUTORELEASING = YES;
				CLANG_WARN_BOOL_CONVERSION = YES;
				CLANG_WARN_COMMA = YES;
				CLANG_WARN_CONSTANT_CONVERSION = YES;
				CLANG_WARN_DEPRECATED_OBJC_IMPLEMENTATIONS = YES;
				CLANG_WARN_DIRECT_OBJC_ISA_USAGE = YES_ERROR;
				CLANG_WARN_DOCUMENTATION_COMMENTS = YES;
				CLANG_WARN_EMPTY_BODY = YES;
				CLANG_WARN_ENUM_CONVERSION = YES;
				CLANG_WARN_INFINITE_RECURSION = YES;
				CLANG_WARN_INT_CONVERSION = YES;
				CLANG_WARN_NON_LITERAL_NULL_CONVERSION = YES;
				CLANG_WARN_OBJC_IMPLICIT_RETAIN_SELF = YES;
				CLANG_WARN_OBJC_LITERAL_CONVERSION = YES;
				CLANG_WARN_OBJC_ROOT_CLASS = YES_ERROR;
				CLANG_WARN_QUOTED_INCLUDE_IN_FRAMEWORK_HEADER = YES;
				CLANG_WARN_RANGE_LOOP_ANALYSIS = YES;
				CLANG_WARN_STRICT_PROTOTYPES = YES;
				CLANG_WARN_SUSPICIOUS_MOVE = YES;
				CLANG_WARN_UNGUARDED_AVAILABILITY = YES_AGGRESSIVE;
				CLANG_WARN_UNREACHABLE_CODE = YES;
				CLANG_WARN__DUPLICATE_METHOD_MATCH = YES;
				COPY_PHASE_STRIP = NO;
				DEBUG_INFORMATION_FORMAT = dwarf;
				ENABLE_STRICT_OBJC_MSGSEND = YES;
				ENABLE_TESTABILITY = YES;
				GCC_C_LANGUAGE_STANDARD = gnu11;
				GCC_DYNAMIC_NO_PIC = NO;
				GCC_NO_COMMON_BLOCKS = YES;
				GCC_OPTIMIZATION_LEVEL = 0;
				GCC_PREPROCESSOR_DEFINITIONS = (
					"DEBUG=1",
					"$(inherited)",
				);
				GCC_WARN_64_TO_32_BIT_CONVERSION = YES;
				GCC_WARN_ABOUT_RETURN_TYPE = YES_ERROR;
				GCC_WARN_UNDECLARED_SELECTOR = YES;
				GCC_WARN_UNINITIALIZED_AUTOS = YES_AGGRESSIVE;
				GCC_WARN_UNUSED_FUNCTION = YES;
				GCC_WARN_UNUSED_VARIABLE = YES;
				IPHONEOS_DEPLOYMENT_TARGET = 14.5;
				MTL_ENABLE_DEBUG_INFO = INCLUDE_SOURCE;
				MTL_FAST_MATH = YES;
				ONLY_ACTIVE_ARCH = YES;
				SDKROOT = iphoneos;
				SWIFT_ACTIVE_COMPILATION_CONDITIONS = DEBUG;
				SWIFT_OPTIMIZATION_LEVEL = "-Onone";
			};
			name = Debug;
		};
		F5EA5BF626B68171001A7535 /* Release */ = {
			isa = XCBuildConfiguration;
			buildSettings = {
				ALWAYS_SEARCH_USER_PATHS = NO;
				CLANG_ANALYZER_NONNULL = YES;
				CLANG_ANALYZER_NUMBER_OBJECT_CONVERSION = YES_AGGRESSIVE;
				CLANG_CXX_LANGUAGE_STANDARD = "gnu++14";
				CLANG_CXX_LIBRARY = "libc++";
				CLANG_ENABLE_MODULES = YES;
				CLANG_ENABLE_OBJC_ARC = YES;
				CLANG_ENABLE_OBJC_WEAK = YES;
				CLANG_WARN_BLOCK_CAPTURE_AUTORELEASING = YES;
				CLANG_WARN_BOOL_CONVERSION = YES;
				CLANG_WARN_COMMA = YES;
				CLANG_WARN_CONSTANT_CONVERSION = YES;
				CLANG_WARN_DEPRECATED_OBJC_IMPLEMENTATIONS = YES;
				CLANG_WARN_DIRECT_OBJC_ISA_USAGE = YES_ERROR;
				CLANG_WARN_DOCUMENTATION_COMMENTS = YES;
				CLANG_WARN_EMPTY_BODY = YES;
				CLANG_WARN_ENUM_CONVERSION = YES;
				CLANG_WARN_INFINITE_RECURSION = YES;
				CLANG_WARN_INT_CONVERSION = YES;
				CLANG_WARN_NON_LITERAL_NULL_CONVERSION = YES;
				CLANG_WARN_OBJC_IMPLICIT_RETAIN_SELF = YES;
				CLANG_WARN_OBJC_LITERAL_CONVERSION = YES;
				CLANG_WARN_OBJC_ROOT_CLASS = YES_ERROR;
				CLANG_WARN_QUOTED_INCLUDE_IN_FRAMEWORK_HEADER = YES;
				CLANG_WARN_RANGE_LOOP_ANALYSIS = YES;
				CLANG_WARN_STRICT_PROTOTYPES = YES;
				CLANG_WARN_SUSPICIOUS_MOVE = YES;
				CLANG_WARN_UNGUARDED_AVAILABILITY = YES_AGGRESSIVE;
				CLANG_WARN_UNREACHABLE_CODE = YES;
				CLANG_WARN__DUPLICATE_METHOD_MATCH = YES;
				COPY_PHASE_STRIP = NO;
				DEBUG_INFORMATION_FORMAT = "dwarf-with-dsym";
				ENABLE_NS_ASSERTIONS = NO;
				ENABLE_STRICT_OBJC_MSGSEND = YES;
				GCC_C_LANGUAGE_STANDARD = gnu11;
				GCC_NO_COMMON_BLOCKS = YES;
				GCC_WARN_64_TO_32_BIT_CONVERSION = YES;
				GCC_WARN_ABOUT_RETURN_TYPE = YES_ERROR;
				GCC_WARN_UNDECLARED_SELECTOR = YES;
				GCC_WARN_UNINITIALIZED_AUTOS = YES_AGGRESSIVE;
				GCC_WARN_UNUSED_FUNCTION = YES;
				GCC_WARN_UNUSED_VARIABLE = YES;
				IPHONEOS_DEPLOYMENT_TARGET = 14.5;
				MTL_ENABLE_DEBUG_INFO = NO;
				MTL_FAST_MATH = YES;
				SDKROOT = iphoneos;
				SWIFT_COMPILATION_MODE = wholemodule;
				SWIFT_OPTIMIZATION_LEVEL = "-O";
				VALIDATE_PRODUCT = YES;
			};
			name = Release;
		};
		F5EA5BF826B68171001A7535 /* Debug */ = {
			isa = XCBuildConfiguration;
			buildSettings = {
				ASSETCATALOG_COMPILER_APPICON_NAME = AppIcon;
				ASSETCATALOG_COMPILER_GLOBAL_ACCENT_COLOR_NAME = AccentColor;
				CODE_SIGN_STYLE = Automatic;
				DEVELOPMENT_TEAM = L6HM64TB5U;
				INFOPLIST_FILE = Instagramm/Application/Info.plist;
				LD_RUNPATH_SEARCH_PATHS = (
					"$(inherited)",
					"@executable_path/Frameworks",
				);
				PRODUCT_BUNDLE_IDENTIFIER = VM.Instagramm;
				PRODUCT_NAME = "$(TARGET_NAME)";
				SWIFT_VERSION = 5.0;
				TARGETED_DEVICE_FAMILY = "1,2";
			};
			name = Debug;
		};
		F5EA5BF926B68171001A7535 /* Release */ = {
			isa = XCBuildConfiguration;
			buildSettings = {
				ASSETCATALOG_COMPILER_APPICON_NAME = AppIcon;
				ASSETCATALOG_COMPILER_GLOBAL_ACCENT_COLOR_NAME = AccentColor;
				CODE_SIGN_STYLE = Automatic;
				DEVELOPMENT_TEAM = L6HM64TB5U;
				INFOPLIST_FILE = Instagramm/Application/Info.plist;
				LD_RUNPATH_SEARCH_PATHS = (
					"$(inherited)",
					"@executable_path/Frameworks",
				);
				PRODUCT_BUNDLE_IDENTIFIER = VM.Instagramm;
				PRODUCT_NAME = "$(TARGET_NAME)";
				SWIFT_VERSION = 5.0;
				TARGETED_DEVICE_FAMILY = "1,2";
			};
			name = Release;
		};
/* End XCBuildConfiguration section */

/* Begin XCConfigurationList section */
		F5EA5BDE26B6816F001A7535 /* Build configuration list for PBXProject "Instagramm" */ = {
			isa = XCConfigurationList;
			buildConfigurations = (
				F5EA5BF526B68171001A7535 /* Debug */,
				F5EA5BF626B68171001A7535 /* Release */,
			);
			defaultConfigurationIsVisible = 0;
			defaultConfigurationName = Release;
		};
		F5EA5BF726B68171001A7535 /* Build configuration list for PBXNativeTarget "Instagramm" */ = {
			isa = XCConfigurationList;
			buildConfigurations = (
				F5EA5BF826B68171001A7535 /* Debug */,
				F5EA5BF926B68171001A7535 /* Release */,
			);
			defaultConfigurationIsVisible = 0;
			defaultConfigurationName = Release;
		};
/* End XCConfigurationList section */
	};
	rootObject = F5EA5BDB26B6816F001A7535 /* Project object */;
}
